{
    "_meta": {
        "hash": {
            "sha256": "468d873fdbc177244262e9a55ce94f3b58262d4262819ccb5dcbb4a661a8514d"
        },
        "host-environment-markers": {
            "implementation_name": "cpython",
            "implementation_version": "3.7.1",
            "os_name": "posix",
            "platform_machine": "x86_64",
            "platform_python_implementation": "CPython",
            "platform_release": "18.2.0",
            "platform_system": "Darwin",
            "platform_version": "Darwin Kernel Version 18.2.0: Mon Nov 12 20:24:46 PST 2018; root:xnu-4903.231.4~2/RELEASE_X86_64",
            "python_full_version": "3.7.1",
            "python_version": "3.7",
            "sys_platform": "darwin"
        },
        "pipfile-spec": 6,
        "requires": {
            "python_version": "3.7.1"
        },
        "sources": [
            {
                "name": "pypi",
                "url": "https://pypi.python.org/simple",
                "verify_ssl": true
            }
        ]
    },
    "default": {
        "django": {
            "hashes": [
                "sha256:55409a056b27e6d1246f19ede41c6c610e4cab549c005b62cbeefabc6433356b",
                "sha256:068d51054083d06ceb32ce02b7203f1854256047a0d58682677dd4f81bceabd7"
            ],
            "version": "==2.1.4"
        },
        "pytz": {
            "hashes": [
                "sha256:8e0f8568c118d3077b46be7d654cc8167fa916092e28320cde048e54bfc9f1e6",
                "sha256:31cb35c89bd7d333cd32c5f278fca91b523b0834369e757f4c5641ea252236ca"
            ],
            "version": "==2018.7"
        }
    },
    "develop": {}
}
